
Microsoft Visual Studio Solution File, Format Version 12.00
# Visual Studio Version 16
VisualStudioVersion = 16.0.31205.134
MinimumVisualStudioVersion = 10.0.40219.1
Project("{FAE04EC0-301F-11D3-BF4B-00C04F79EFBC}") = "Internal Access Specifier", "Internal Access Specifier.csproj", "{24811DA3-0468-4575-8821-5FB7CD982BB9}"
EndProject
Global
	GlobalSection(SolutionConfigurationPlatforms) = preSolution
		Debug|Any CPU = Debug|Any CPU
		Release|Any CPU = Release|Any CPU
	EndGlobalSection
	GlobalSection(ProjectConfigurationPlatforms) = postSolution
		{24811DA3-0468-4575-8821-5FB7CD982BB9}.Debug|Any CPU.ActiveCfg = Debug|Any CPU
		{24811DA3-0468-4575-8821-5FB7CD982BB9}.Debug|Any CPU.Build.0 = Debug|Any CPU
		{24811DA3-0468-4575-8821-5FB7CD982BB9}.Release|Any CPU.ActiveCfg = Release|Any CPU
		{24811DA3-0468-4575-8821-5FB7CD982BB9}.Release|Any CPU.Build.0 = Release|Any CPU
	EndGlobalSection
	GlobalSection(SolutionProperties) = preSolution
		HideSolutionNode = FALSE
	EndGlobalSection
	GlobalSection(ExtensibilityGlobals) = postSolution
		SolutionGuid = {AA3BCF8E-AA04-432C-AAC2-6E21BE5971F8}
	EndGlobalSection
EndGlobal
